
Microsoft Visual Studio Solution File, Format Version 12.00
# Visual Studio Version 17
VisualStudioVersion = 17.4.33213.308
MinimumVisualStudioVersion = 10.0.40219.1
Project("{FAE04EC0-301F-11D3-BF4B-00C04F79EFBC}") = "Q4", "Q4\Q4.csproj", "{7462146B-FD13-4467-A441-6BF650C2FAE5}"
EndProject
Project("{FAE04EC0-301F-11D3-BF4B-00C04F79EFBC}") = "Q5", "Q5\Q5.csproj", "{F5AC2FB5-E13A-4451-8EFA-57E210224C35}"
EndProject
Project("{FAE04EC0-301F-11D3-BF4B-00C04F79EFBC}") = "Q6", "Q6\Q6.csproj", "{1BEDC0B8-C52A-49CE-8A37-C8FC656677C3}"
EndProject
Project("{FAE04EC0-301F-11D3-BF4B-00C04F79EFBC}") = "Q7", "Q7\Q7.csproj", "{57E5A2FF-9919-458C-BA9C-BE1B0F5D2CF7}"
EndProject
Project("{FAE04EC0-301F-11D3-BF4B-00C04F79EFBC}") = "Q8", "Q8\Q8.csproj", "{52F41C1C-4EF3-4C75-8792-2FFA5771E3AA}"
EndProject
Project("{FAE04EC0-301F-11D3-BF4B-00C04F79EFBC}") = "Q9", "..\Q9\Q9.csproj", "{10FC0BD1-82E1-4C8D-93ED-294FAFB1D48F}"
EndProject
Project("{FAE04EC0-301F-11D3-BF4B-00C04F79EFBC}") = "Q12", "Q12\Q12.csproj", "{B5D56CF5-9513-4744-BC90-2A4C197BF307}"
EndProject
Project("{FAE04EC0-301F-11D3-BF4B-00C04F79EFBC}") = "Q15", "Q15\Q15.csproj", "{04ED1804-C9AE-4DBE-9772-E829F0FCE295}"
EndProject
Project("{FAE04EC0-301F-11D3-BF4B-00C04F79EFBC}") = "Q13", "Q13\Q13.csproj", "{B9FBB116-2372-4DBC-B562-1201C47648E3}"
EndProject
Project("{FAE04EC0-301F-11D3-BF4B-00C04F79EFBC}") = "Q10", "Q10\Q10.csproj", "{E3B23929-F8BD-4073-BD4F-015CC34D8AD9}"
EndProject
Global
	GlobalSection(SolutionConfigurationPlatforms) = preSolution
		Debug|Any CPU = Debug|Any CPU
		Release|Any CPU = Release|Any CPU
	EndGlobalSection
	GlobalSection(ProjectConfigurationPlatforms) = postSolution
		{7462146B-FD13-4467-A441-6BF650C2FAE5}.Debug|Any CPU.ActiveCfg = Debug|Any CPU
		{7462146B-FD13-4467-A441-6BF650C2FAE5}.Debug|Any CPU.Build.0 = Debug|Any CPU
		{7462146B-FD13-4467-A441-6BF650C2FAE5}.Release|Any CPU.ActiveCfg = Release|Any CPU
		{7462146B-FD13-4467-A441-6BF650C2FAE5}.Release|Any CPU.Build.0 = Release|Any CPU
		{F5AC2FB5-E13A-4451-8EFA-57E210224C35}.Debug|Any CPU.ActiveCfg = Debug|Any CPU
		{F5AC2FB5-E13A-4451-8EFA-57E210224C35}.Debug|Any CPU.Build.0 = Debug|Any CPU
		{F5AC2FB5-E13A-4451-8EFA-57E210224C35}.Release|Any CPU.ActiveCfg = Release|Any CPU
		{F5AC2FB5-E13A-4451-8EFA-57E210224C35}.Release|Any CPU.Build.0 = Release|Any CPU
		{1BEDC0B8-C52A-49CE-8A37-C8FC656677C3}.Debug|Any CPU.ActiveCfg = Debug|Any CPU
		{1BEDC0B8-C52A-49CE-8A37-C8FC656677C3}.Debug|Any CPU.Build.0 = Debug|Any CPU
		{1BEDC0B8-C52A-49CE-8A37-C8FC656677C3}.Release|Any CPU.ActiveCfg = Release|Any CPU
		{1BEDC0B8-C52A-49CE-8A37-C8FC656677C3}.Release|Any CPU.Build.0 = Release|Any CPU
		{57E5A2FF-9919-458C-BA9C-BE1B0F5D2CF7}.Debug|Any CPU.ActiveCfg = Debug|Any CPU
		{57E5A2FF-9919-458C-BA9C-BE1B0F5D2CF7}.Debug|Any CPU.Build.0 = Debug|Any CPU
		{57E5A2FF-9919-458C-BA9C-BE1B0F5D2CF7}.Release|Any CPU.ActiveCfg = Release|Any CPU
		{57E5A2FF-9919-458C-BA9C-BE1B0F5D2CF7}.Release|Any CPU.Build.0 = Release|Any CPU
		{52F41C1C-4EF3-4C75-8792-2FFA5771E3AA}.Debug|Any CPU.ActiveCfg = Debug|Any CPU
		{52F41C1C-4EF3-4C75-8792-2FFA5771E3AA}.Debug|Any CPU.Build.0 = Debug|Any CPU
		{52F41C1C-4EF3-4C75-8792-2FFA5771E3AA}.Release|Any CPU.ActiveCfg = Release|Any CPU
		{52F41C1C-4EF3-4C75-8792-2FFA5771E3AA}.Release|Any CPU.Build.0 = Release|Any CPU
		{10FC0BD1-82E1-4C8D-93ED-294FAFB1D48F}.Debug|Any CPU.ActiveCfg = Debug|Any CPU
		{10FC0BD1-82E1-4C8D-93ED-294FAFB1D48F}.Debug|Any CPU.Build.0 = Debug|Any CPU
		{10FC0BD1-82E1-4C8D-93ED-294FAFB1D48F}.Release|Any CPU.ActiveCfg = Release|Any CPU
		{10FC0BD1-82E1-4C8D-93ED-294FAFB1D48F}.Release|Any CPU.Build.0 = Release|Any CPU
		{B5D56CF5-9513-4744-BC90-2A4C197BF307}.Debug|Any CPU.ActiveCfg = Debug|Any CPU
		{B5D56CF5-9513-4744-BC90-2A4C197BF307}.Debug|Any CPU.Build.0 = Debug|Any CPU
		{B5D56CF5-9513-4744-BC90-2A4C197BF307}.Release|Any CPU.ActiveCfg = Release|Any CPU
		{B5D56CF5-9513-4744-BC90-2A4C197BF307}.Release|Any CPU.Build.0 = Release|Any CPU
		{04ED1804-C9AE-4DBE-9772-E829F0FCE295}.Debug|Any CPU.ActiveCfg = Debug|Any CPU
		{04ED1804-C9AE-4DBE-9772-E829F0FCE295}.Debug|Any CPU.Build.0 = Debug|Any CPU
		{04ED1804-C9AE-4DBE-9772-E829F0FCE295}.Release|Any CPU.ActiveCfg = Release|Any CPU
		{04ED1804-C9AE-4DBE-9772-E829F0FCE295}.Release|Any CPU.Build.0 = Release|Any CPU
		{B9FBB116-2372-4DBC-B562-1201C47648E3}.Debug|Any CPU.ActiveCfg = Debug|Any CPU
		{B9FBB116-2372-4DBC-B562-1201C47648E3}.Debug|Any CPU.Build.0 = Debug|Any CPU
		{B9FBB116-2372-4DBC-B562-1201C47648E3}.Release|Any CPU.ActiveCfg = Release|Any CPU
		{B9FBB116-2372-4DBC-B562-1201C47648E3}.Release|Any CPU.Build.0 = Release|Any CPU
		{E3B23929-F8BD-4073-BD4F-015CC34D8AD9}.Debug|Any CPU.ActiveCfg = Debug|Any CPU
		{E3B23929-F8BD-4073-BD4F-015CC34D8AD9}.Debug|Any CPU.Build.0 = Debug|Any CPU
		{E3B23929-F8BD-4073-BD4F-015CC34D8AD9}.Release|Any CPU.ActiveCfg = Release|Any CPU
		{E3B23929-F8BD-4073-BD4F-015CC34D8AD9}.Release|Any CPU.Build.0 = Release|Any CPU
	EndGlobalSection
	GlobalSection(SolutionProperties) = preSolution
		HideSolutionNode = FALSE
	EndGlobalSection
	GlobalSection(ExtensibilityGlobals) = postSolution
		SolutionGuid = {F6E819C3-677B-406D-9F1F-98F6B6288B36}
	EndGlobalSection
EndGlobal
